
Microsoft Visual Studio Solution File, Format Version 12.00
# Visual Studio Version 16
VisualStudioVersion = 16.0.31019.35
MinimumVisualStudioVersion = 10.0.40219.1
Project("{FAE04EC0-301F-11D3-BF4B-00C04F79EFBC}") = "SistemaCadernetaPediatrica", "SistemaCadernetaPediatrica.csproj", "{DF570A90-5EF7-43B3-9421-72B9D393036C}"
EndProject
Global
	GlobalSection(SolutionConfigurationPlatforms) = preSolution
		Debug|Any CPU = Debug|Any CPU
		Release|Any CPU = Release|Any CPU
	EndGlobalSection
	GlobalSection(ProjectConfigurationPlatforms) = postSolution
		{DF570A90-5EF7-43B3-9421-72B9D393036C}.Debug|Any CPU.ActiveCfg = Debug|Any CPU
		{DF570A90-5EF7-43B3-9421-72B9D393036C}.Debug|Any CPU.Build.0 = Debug|Any CPU
		{DF570A90-5EF7-43B3-9421-72B9D393036C}.Release|Any CPU.ActiveCfg = Release|Any CPU
		{DF570A90-5EF7-43B3-9421-72B9D393036C}.Release|Any CPU.Build.0 = Release|Any CPU
	EndGlobalSection
	GlobalSection(SolutionProperties) = preSolution
		HideSolutionNode = FALSE
	EndGlobalSection
	GlobalSection(ExtensibilityGlobals) = postSolution
		SolutionGuid = {23B46D6B-0C01-4361-8D52-928CFA9B036B}
	EndGlobalSection
EndGlobal
